
Microsoft Visual Studio Solution File, Format Version 12.00
# Visual Studio Version 17
VisualStudioVersion = 17.3.32811.315
MinimumVisualStudioVersion = 10.0.40219.1
Project("{FAE04EC0-301F-11D3-BF4B-00C04F79EFBC}") = "Texto_y_Audio", "Texto_y_Audio\Texto_y_Audio.csproj", "{18E797EA-FDB5-45F7-B608-3A2BAB3CE05F}"
EndProject
Global
	GlobalSection(SolutionConfigurationPlatforms) = preSolution
		Debug|Any CPU = Debug|Any CPU
		Release|Any CPU = Release|Any CPU
	EndGlobalSection
	GlobalSection(ProjectConfigurationPlatforms) = postSolution
		{18E797EA-FDB5-45F7-B608-3A2BAB3CE05F}.Debug|Any CPU.ActiveCfg = Debug|Any CPU
		{18E797EA-FDB5-45F7-B608-3A2BAB3CE05F}.Debug|Any CPU.Build.0 = Debug|Any CPU
		{18E797EA-FDB5-45F7-B608-3A2BAB3CE05F}.Release|Any CPU.ActiveCfg = Release|Any CPU
		{18E797EA-FDB5-45F7-B608-3A2BAB3CE05F}.Release|Any CPU.Build.0 = Release|Any CPU
	EndGlobalSection
	GlobalSection(SolutionProperties) = preSolution
		HideSolutionNode = FALSE
	EndGlobalSection
	GlobalSection(ExtensibilityGlobals) = postSolution
		SolutionGuid = {F312A314-DA96-4A71-A40A-2553DBD47599}
	EndGlobalSection
EndGlobal
